{
    "egulias/email-validator": {
        "version": "2.1.24"
    },
    "friendsofsymfony/rest-bundle": {
        "version": "2.2",
        "recipe": {
            "repo": "github.com/symfony/recipes-contrib",
            "branch": "master",
            "version": "2.2",
            "ref": "cad41ef93d6150067ae2bb3c7fd729492dff6f0a"
        }
    },
    "maennchen/zipstream-php": {
        "version": "2.1.0"
    },
    "markbaker/complex": {
        "version": "2.0.0"
    },
    "markbaker/matrix": {
        "version": "2.0.0"
    },
    "myclabs/php-enum": {
        "version": "1.7.7"
    },
    "numphp/numphp": {
        "version": "v1.2.0"
    },
    "opcenter/builder": {
        "version": "0.1.0"
    },
    "opcenter/chat": {
        "version": "0.1.0"
    },
    "opcenter/comms": {
        "version": "0.1.0"
    },
    "opcenter/data": {
        "version": "0.1.1"
    },
    "opcenter/events": {
        "version": "0.1.0"
    },
    "opcenter/git": {
        "version": "0.1.0"
    },
    "opcenter/max": {
        "version": "0.1.0"
    },
    "opcenter/notify": {
        "version": "0.1.0"
    },
    "opcenter/rest-api": {
        "version": "0.1.2"
    },
    "opcenter/rest-client": {
        "version": "0.1.0"
    },
    "opcenter/security": {
        "version": "0.1.0"
    },
    "opcenter/settings": {
        "version": "0.1.0"
    },
    "opcenter/sockets": {
        "version": "0.1.0"
    },
    "opcenter/structured-development-bundle": {
        "version": "0.1.0"
    },
    "opcenter/time": {
        "version": "0.1.0"
    },
    "opcenter/web": {
        "version": "0.1.1"
    },
    "opcenter/wiki": {
        "version": "0.1.0"
    },
    "php": {
        "version": "7.4"
    },
    "phpoffice/phpspreadsheet": {
        "version": "1.15.0"
    },
    "psr/http-client": {
        "version": "1.0.1"
    },
    "psr/http-factory": {
        "version": "1.0.1"
    },
    "psr/http-message": {
        "version": "1.0.1"
    },
    "psr/simple-cache": {
        "version": "1.0.1"
    },
    "sensio/framework-extra-bundle": {
        "version": "5.2",
        "recipe": {
            "repo": "github.com/symfony/recipes",
            "branch": "master",
            "version": "5.2",
            "ref": "fb7e19da7f013d0d422fa9bce16f5c510e27609b"
        },
        "files": [
            "config/packages/sensio_framework_extra.yaml"
        ]
    },
    "swiftmailer/swiftmailer": {
        "version": "v6.2.3"
    },
    "symfony/asset": {
        "version": "v5.1.7"
    },
    "symfony/dotenv": {
        "version": "v5.1.7"
    },
    "symfony/orm-pack": {
        "version": "v2.0.0"
    },
    "symfony/polyfill-intl-idn": {
        "version": "v1.20.0"
    },
    "symfony/process": {
        "version": "v5.1.8"
    },
    "symfony/twig-bridge": {
        "version": "v5.1.7"
    },
    "symfony/twig-bundle": {
        "version": "5.0",
        "recipe": {
            "repo": "github.com/symfony/recipes",
            "branch": "master",
            "version": "5.0",
            "ref": "fab9149bbaa4d5eca054ed93f9e1b66cc500895d"
        },
        "files": [
            "config/packages/test/twig.yaml",
            "config/packages/twig.yaml",
            "templates/base.html.twig"
        ]
    },
    "symfony/yaml": {
        "version": "v5.1.7"
    },
    "twig/twig": {
        "version": "v3.1.1"
    },
    "willdurand/jsonp-callback-validator": {
        "version": "v1.1.0"
    },
    "willdurand/negotiation": {
        "version": "v2.3.1"
    }
}
